// !$*UTF8*$!
{
	archiveVersion = 1;
	classes = {
	};
	objectVersion = 46;
	objects = {

/* Begin PBXBuildFile section */
		4A127BE01F0DDE1A0039AC73 /* AppDelegate.swift in Sources */ = {isa = PBXBuildFile; fileRef = 4A127BDF1F0DDE1A0039AC73 /* AppDelegate.swift */; };
		4A127BE21F0DDE1A0039AC73 /* ViewController.swift in Sources */ = {isa = PBXBuildFile; fileRef = 4A127BE11F0DDE1A0039AC73 /* ViewController.swift */; };
		4A127BE51F0DDE1A0039AC73 /* Main.storyboard in Resources */ = {isa = PBXBuildFile; fileRef = 4A127BE31F0DDE1A0039AC73 /* Main.storyboard */; };
		4A127BE71F0DDE1A0039AC73 /* Assets.xcassets in Resources */ = {isa = PBXBuildFile; fileRef = 4A127BE61F0DDE1A0039AC73 /* Assets.xcassets */; };
		4A127BEA1F0DDE1A0039AC73 /* LaunchScreen.storyboard in Resources */ = {isa = PBXBuildFile; fileRef = 4A127BE81F0DDE1A0039AC73 /* LaunchScreen.storyboard */; };
		4A2DB3B91F0DF493002EF62B /* ConversionViewController.swift in Sources */ = {isa = PBXBuildFile; fileRef = 4A2DB3B81F0DF493002EF62B /* ConversionViewController.swift */; };
/* End PBXBuildFile section */

/* Begin PBXFileReference section */
		4A127BDC1F0DDE1A0039AC73 /* WorldTrotter.app */ = {isa = PBXFileReference; explicitFileType = wrapper.application; includeInIndex = 0; path = WorldTrotter.app; sourceTree = BUILT_PRODUCTS_DIR; };
		4A127BDF1F0DDE1A0039AC73 /* AppDelegate.swift */ = {isa = PBXFileReference; lastKnownFileType = sourcecode.swift; path = AppDelegate.swift; sourceTree = "<group>"; };
		4A127BE11F0DDE1A0039AC73 /* ViewController.swift */ = {isa = PBXFileReference; lastKnownFileType = sourcecode.swift; path = ViewController.swift; sourceTree = "<group>"; };
		4A127BE41F0DDE1A0039AC73 /* Base */ = {isa = PBXFileReference; lastKnownFileType = file.storyboard; name = Base; path = Base.lproj/Main.storyboard; sourceTree = "<group>"; };
		4A127BE61F0DDE1A0039AC73 /* Assets.xcassets */ = {isa = PBXFileReference; lastKnownFileType = folder.assetcatalog; path = Assets.xcassets; sourceTree = "<group>"; };
		4A127BE91F0DDE1A0039AC73 /* Base */ = {isa = PBXFileReference; lastKnownFileType = file.storyboard; name = Base; path = Base.lproj/LaunchScreen.storyboard; sourceTree = "<group>"; };
		4A127BEB1F0DDE1A0039AC73 /* Info.plist */ = {isa = PBXFileReference; lastKnownFileType = text.plist.xml; path = Info.plist; sourceTree = "<group>"; };
		4A2DB3B81F0DF493002EF62B /* ConversionViewController.swift */ = {isa = PBXFileReference; fileEncoding = 4; lastKnownFileType = sourcecode.swift; path = ConversionViewController.swift; sourceTree = "<group>"; };
/* End PBXFileReference section */

/* Begin PBXFrameworksBuildPhase section */
		4A127BD91F0DDE1A0039AC73 /* Frameworks */ = {
			isa = PBXFrameworksBuildPhase;
			buildActionMask = 2147483647;
			files = (
			);
			runOnlyForDeploymentPostprocessing = 0;
		};
/* End PBXFrameworksBuildPhase section */

/* Begin PBXGroup section */
		4A127BD31F0DDE1A0039AC73 = {
			isa = PBXGroup;
			children = (
				4A127BDE1F0DDE1A0039AC73 /* WorldTrotter */,
				4A127BDD1F0DDE1A0039AC73 /* Products */,
			);
			sourceTree = "<group>";
		};
		4A127BDD1F0DDE1A0039AC73 /* Products */ = {
			isa = PBXGroup;
			children = (
				4A127BDC1F0DDE1A0039AC73 /* WorldTrotter.app */,
			);
			name = Products;
			sourceTree = "<group>";
		};
		4A127BDE1F0DDE1A0039AC73 /* WorldTrotter */ = {
			isa = PBXGroup;
			children = (
				4A127BDF1F0DDE1A0039AC73 /* AppDelegate.swift */,
				4A127BE11F0DDE1A0039AC73 /* ViewController.swift */,
				4A127BE31F0DDE1A0039AC73 /* Main.storyboard */,
				4A127BE61F0DDE1A0039AC73 /* Assets.xcassets */,
				4A127BE81F0DDE1A0039AC73 /* LaunchScreen.storyboard */,
				4A127BEB1F0DDE1A0039AC73 /* Info.plist */,
				4A2DB3B81F0DF493002EF62B /* ConversionViewController.swift */,
			);
			path = WorldTrotter;
			sourceTree = "<group>";
		};
/* End PBXGroup section */

/* Begin PBXNativeTarget section */
		4A127BDB1F0DDE1A0039AC73 /* WorldTrotter */ = {
			isa = PBXNativeTarget;
			buildConfigurationList = 4A127BEE1F0DDE1A0039AC73 /* Build configuration list for PBXNativeTarget "WorldTrotter" */;
			buildPhases = (
				4A127BD81F0DDE1A0039AC73 /* Sources */,
				4A127BD91F0DDE1A0039AC73 /* Frameworks */,
				4A127BDA1F0DDE1A0039AC73 /* Resources */,
			);
			buildRules = (
			);
			dependencies = (
			);
			name = WorldTrotter;
			productName = WorldTrotter;
			productReference = 4A127BDC1F0DDE1A0039AC73 /* WorldTrotter.app */;
			productType = "com.apple.product-type.application";
		};
/* End PBXNativeTarget section */

/* Begin PBXProject section */
		4A127BD41F0DDE1A0039AC73 /* Project object */ = {
			isa = PBXProject;
			attributes = {
				LastSwiftUpdateCheck = 0830;
				LastUpgradeCheck = 0830;
				ORGANIZATIONNAME = NAVER;
				TargetAttributes = {
					4A127BDB1F0DDE1A0039AC73 = {
						CreatedOnToolsVersion = 8.3.3;
						ProvisioningStyle = Automatic;
					};
				};
			};
			buildConfigurationList = 4A127BD71F0DDE1A0039AC73 /* Build configuration list for PBXProject "WorldTrotter" */;
			compatibilityVersion = "Xcode 3.2";
			developmentRegion = English;
			hasScannedForEncodings = 0;
			knownRegions = (
				en,
				Base,
			);
			mainGroup = 4A127BD31F0DDE1A0039AC73;
			productRefGroup = 4A127BDD1F0DDE1A0039AC73 /* Products */;
			projectDirPath = "";
			projectRoot = "";
			targets = (
				4A127BDB1F0DDE1A0039AC73 /* WorldTrotter */,
			);
		};
/* End PBXProject section */

/* Begin PBXResourcesBuildPhase section */
		4A127BDA1F0DDE1A0039AC73 /* Resources */ = {
			isa = PBXResourcesBuildPhase;
			buildActionMask = 2147483647;
			files = (
				4A127BEA1F0DDE1A0039AC73 /* LaunchScreen.storyboard in Resources */,
				4A127BE71F0DDE1A0039AC73 /* Assets.xcassets in Resources */,
				4A127BE51F0DDE1A0039AC73 /* Main.storyboard in Resources */,
			);
			runOnlyForDeploymentPostprocessing = 0;
		};
/* End PBXResourcesBuildPhase section */

/* Begin PBXSourcesBuildPhase section */
		4A127BD81F0DDE1A0039AC73 /* Sources */ = {
			isa = PBXSourcesBuildPhase;
			buildActionMask = 2147483647;
			files = (
				4A127BE21F0DDE1A0039AC73 /* ViewController.swift in Sources */,
				4A2DB3B91F0DF493002EF62B /* ConversionViewController.swift in Sources */,
				4A127BE01F0DDE1A0039AC73 /* AppDelegate.swift in Sources */,
			);
			runOnlyForDeploymentPostprocessing = 0;
		};
/* End PBXSourcesBuildPhase section */

/* Begin PBXVariantGroup section */
		4A127BE31F0DDE1A0039AC73 /* Main.storyboard */ = {
			isa = PBXVariantGroup;
			children = (
				4A127BE41F0DDE1A0039AC73 /* Base */,
			);
			name = Main.storyboard;
			sourceTree = "<group>";
		};
		4A127BE81F0DDE1A0039AC73 /* LaunchScreen.storyboard */ = {
			isa = PBXVariantGroup;
			children = (
				4A127BE91F0DDE1A0039AC73 /* Base */,
			);
			name = LaunchScreen.storyboard;
			sourceTree = "<group>";
		};
/* End PBXVariantGroup section */

/* Begin XCBuildConfiguration section */
		4A127BEC1F0DDE1A0039AC73 /* Debug */ = {
			isa = XCBuildConfiguration;
			buildSettings = {
				ALWAYS_SEARCH_USER_PATHS = NO;
				CLANG_ANALYZER_NONNULL = YES;
				CLANG_ANALYZER_NUMBER_OBJECT_CONVERSION = YES_AGGRESSIVE;
				CLANG_CXX_LANGUAGE_STANDARD = "gnu++0x";
				CLANG_CXX_LIBRARY = "libc++";
				CLANG_ENABLE_MODULES = YES;
				CLANG_ENABLE_OBJC_ARC = YES;
				CLANG_WARN_BOOL_CONVERSION = YES;
				CLANG_WARN_CONSTANT_CONVERSION = YES;
				CLANG_WARN_DIRECT_OBJC_ISA_USAGE = YES_ERROR;
				CLANG_WARN_DOCUMENTATION_COMMENTS = YES;
				CLANG_WARN_EMPTY_BODY = YES;
				CLANG_WARN_ENUM_CONVERSION = YES;
				CLANG_WARN_INFINITE_RECURSION = YES;
				CLANG_WARN_INT_CONVERSION = YES;
				CLANG_WARN_OBJC_ROOT_CLASS = YES_ERROR;
				CLANG_WARN_SUSPICIOUS_MOVE = YES;
				CLANG_WARN_UNREACHABLE_CODE = YES;
				CLANG_WARN__DUPLICATE_METHOD_MATCH = YES;
				"CODE_SIGN_IDENTITY[sdk=iphoneos*]" = "iPhone Developer";
				COPY_PHASE_STRIP = NO;
				DEBUG_INFORMATION_FORMAT = dwarf;
				ENABLE_STRICT_OBJC_MSGSEND = YES;
				ENABLE_TESTABILITY = YES;
				GCC_C_LANGUAGE_STANDARD = gnu99;
				GCC_DYNAMIC_NO_PIC = NO;
				GCC_NO_COMMON_BLOCKS = YES;
				GCC_OPTIMIZATION_LEVEL = 0;
				GCC_PREPROCESSOR_DEFINITIONS = (
					"DEBUG=1",
					"$(inherited)",
				);
				GCC_WARN_64_TO_32_BIT_CONVERSION = YES;
				GCC_WARN_ABOUT_RETURN_TYPE = YES_ERROR;
				GCC_WARN_UNDECLARED_SELECTOR = YES;
				GCC_WARN_UNINITIALIZED_AUTOS = YES_AGGRESSIVE;
				GCC_WARN_UNUSED_FUNCTION = YES;
				GCC_WARN_UNUSED_VARIABLE = YES;
				IPHONEOS_DEPLOYMENT_TARGET = 10.3;
				MTL_ENABLE_DEBUG_INFO = YES;
				ONLY_ACTIVE_ARCH = YES;
				SDKROOT = iphoneos;
				SWIFT_ACTIVE_COMPILATION_CONDITIONS = DEBUG;
				SWIFT_OPTIMIZATION_LEVEL = "-Onone";
			};
			name = Debug;
		};
		4A127BED1F0DDE1A0039AC73 /* Release */ = {
			isa = XCBuildConfiguration;
			buildSettings = {
				ALWAYS_SEARCH_USER_PATHS = NO;
				CLANG_ANALYZER_NONNULL = YES;
				CLANG_ANALYZER_NUMBER_OBJECT_CONVERSION = YES_AGGRESSIVE;
				CLANG_CXX_LANGUAGE_STANDARD = "gnu++0x";
				CLANG_CXX_LIBRARY = "libc++";
				CLANG_ENABLE_MODULES = YES;
				CLANG_ENABLE_OBJC_ARC = YES;
				CLANG_WARN_BOOL_CONVERSION = YES;
				CLANG_WARN_CONSTANT_CONVERSION = YES;
				CLANG_WARN_DIRECT_OBJC_ISA_USAGE = YES_ERROR;
				CLANG_WARN_DOCUMENTATION_COMMENTS = YES;
				CLANG_WARN_EMPTY_BODY = YES;
				CLANG_WARN_ENUM_CONVERSION = YES;
				CLANG_WARN_INFINITE_RECURSION = YES;
				CLANG_WARN_INT_CONVERSION = YES;
				CLANG_WARN_OBJC_ROOT_CLASS = YES_ERROR;
				CLANG_WARN_SUSPICIOUS_MOVE = YES;
				CLANG_WARN_UNREACHABLE_CODE = YES;
				CLANG_WARN__DUPLICATE_METHOD_MATCH = YES;
				"CODE_SIGN_IDENTITY[sdk=iphoneos*]" = "iPhone Developer";
				COPY_PHASE_STRIP = NO;
				DEBUG_INFORMATION_FORMAT = "dwarf-with-dsym";
				ENABLE_NS_ASSERTIONS = NO;
				ENABLE_STRICT_OBJC_MSGSEND = YES;
				GCC_C_LANGUAGE_STANDARD = gnu99;
				GCC_NO_COMMON_BLOCKS = YES;
				GCC_WARN_64_TO_32_BIT_CONVERSION = YES;
				GCC_WARN_ABOUT_RETURN_TYPE = YES_ERROR;
				GCC_WARN_UNDECLARED_SELECTOR = YES;
				GCC_WARN_UNINITIALIZED_AUTOS = YES_AGGRESSIVE;
				GCC_WARN_UNUSED_FUNCTION = YES;
				GCC_WARN_UNUSED_VARIABLE = YES;
				IPHONEOS_DEPLOYMENT_TARGET = 10.3;
				MTL_ENABLE_DEBUG_INFO = NO;
				SDKROOT = iphoneos;
				SWIFT_OPTIMIZATION_LEVEL = "-Owholemodule";
				VALIDATE_PRODUCT = YES;
			};
			name = Release;
		};
		4A127BEF1F0DDE1A0039AC73 /* Debug */ = {
			isa = XCBuildConfiguration;
			buildSettings = {
				ASSETCATALOG_COMPILER_APPICON_NAME = AppIcon;
				INFOPLIST_FILE = WorldTrotter/Info.plist;
				LD_RUNPATH_SEARCH_PATHS = "$(inherited) @executable_path/Frameworks";
				PRODUCT_BUNDLE_IDENTIFIER = naver.WorldTrotter;
				PRODUCT_NAME = "$(TARGET_NAME)";
				SWIFT_VERSION = 3.0;
			};
			name = Debug;
		};
		4A127BF01F0DDE1A0039AC73 /* Release */ = {
			isa = XCBuildConfiguration;
			buildSettings = {
				ASSETCATALOG_COMPILER_APPICON_NAME = AppIcon;
				INFOPLIST_FILE = WorldTrotter/Info.plist;
				LD_RUNPATH_SEARCH_PATHS = "$(inherited) @executable_path/Frameworks";
				PRODUCT_BUNDLE_IDENTIFIER = naver.WorldTrotter;
				PRODUCT_NAME = "$(TARGET_NAME)";
				SWIFT_VERSION = 3.0;
			};
			name = Release;
		};
/* End XCBuildConfiguration section */

/* Begin XCConfigurationList section */
		4A127BD71F0DDE1A0039AC73 /* Build configuration list for PBXProject "WorldTrotter" */ = {
			isa = XCConfigurationList;
			buildConfigurations = (
				4A127BEC1F0DDE1A0039AC73 /* Debug */,
				4A127BED1F0DDE1A0039AC73 /* Release */,
			);
			defaultConfigurationIsVisible = 0;
			defaultConfigurationName = Release;
		};
		4A127BEE1F0DDE1A0039AC73 /* Build configuration list for PBXNativeTarget "WorldTrotter" */ = {
			isa = XCConfigurationList;
			buildConfigurations = (
				4A127BEF1F0DDE1A0039AC73 /* Debug */,
				4A127BF01F0DDE1A0039AC73 /* Release */,
			);
			defaultConfigurationIsVisible = 0;
			defaultConfigurationName = Release;
		};
/* End XCConfigurationList section */
	};
	rootObject = 4A127BD41F0DDE1A0039AC73 /* Project object */;
}
